
Microsoft Visual Studio Solution File, Format Version 12.00
# Visual Studio 2013
VisualStudioVersion = 12.0.21005.1
MinimumVisualStudioVersion = 10.0.40219.1
Project("{FAE04EC0-301F-11D3-BF4B-00C04F79EFBC}") = "ARent", "ARent\ARent.csproj", "{C5A4E952-F083-448D-BC7F-B60CAD0F77E3}"
EndProject
Project("{2150E333-8FDC-42A3-9474-1A3956D46DE8}") = "PublishScripts", "PublishScripts", "{3927E48B-4160-4D21-B62B-8FDAFE223F05}"
	ProjectSection(SolutionItems) = preProject
		PublishScripts\AzureWebAppPublishModule.psm1 = PublishScripts\AzureWebAppPublishModule.psm1
		PublishScripts\Publish-WebApplication.ps1 = PublishScripts\Publish-WebApplication.ps1
	EndProjectSection
EndProject
Project("{2150E333-8FDC-42A3-9474-1A3956D46DE8}") = "Configurations", "Configurations", "{8BB5F920-F500-4C14-8125-36F6CF1ED773}"
	ProjectSection(SolutionItems) = preProject
		PublishScripts\Configurations\ARent-WAWS-dev.json = PublishScripts\Configurations\ARent-WAWS-dev.json
		PublishScripts\Configurations\WebApplication1-WAWS-dev.json = PublishScripts\Configurations\WebApplication1-WAWS-dev.json
	EndProjectSection
EndProject
Global
	GlobalSection(SolutionConfigurationPlatforms) = preSolution
		Debug|Any CPU = Debug|Any CPU
		Release|Any CPU = Release|Any CPU
	EndGlobalSection
	GlobalSection(ProjectConfigurationPlatforms) = postSolution
		{C5A4E952-F083-448D-BC7F-B60CAD0F77E3}.Debug|Any CPU.ActiveCfg = Debug|Any CPU
		{C5A4E952-F083-448D-BC7F-B60CAD0F77E3}.Debug|Any CPU.Build.0 = Debug|Any CPU
		{C5A4E952-F083-448D-BC7F-B60CAD0F77E3}.Release|Any CPU.ActiveCfg = Release|Any CPU
		{C5A4E952-F083-448D-BC7F-B60CAD0F77E3}.Release|Any CPU.Build.0 = Release|Any CPU
	EndGlobalSection
	GlobalSection(SolutionProperties) = preSolution
		HideSolutionNode = FALSE
	EndGlobalSection
	GlobalSection(NestedProjects) = preSolution
		{8BB5F920-F500-4C14-8125-36F6CF1ED773} = {3927E48B-4160-4D21-B62B-8FDAFE223F05}
	EndGlobalSection
EndGlobal
